// !$*UTF8*$!
{
	archiveVersion = 1;
	classes = {
	};
	objectVersion = 46;
	objects = {

/* Begin PBXBuildFile section */
		AE6919FB193FB24D00E26083 /* Foundation.framework in Frameworks */ = {isa = PBXBuildFile; fileRef = AE6919FA193FB24D00E26083 /* Foundation.framework */; };
		AE6919FD193FB24D00E26083 /* CoreGraphics.framework in Frameworks */ = {isa = PBXBuildFile; fileRef = AE6919FC193FB24D00E26083 /* CoreGraphics.framework */; };
		AE6919FF193FB24D00E26083 /* UIKit.framework in Frameworks */ = {isa = PBXBuildFile; fileRef = AE6919FE193FB24D00E26083 /* UIKit.framework */; };
		AE691A05193FB24D00E26083 /* InfoPlist.strings in Resources */ = {isa = PBXBuildFile; fileRef = AE691A03193FB24D00E26083 /* InfoPlist.strings */; };
		AE691A07193FB24D00E26083 /* main.m in Sources */ = {isa = PBXBuildFile; fileRef = AE691A06193FB24D00E26083 /* main.m */; };
		AE691A0B193FB24D00E26083 /* VNAppDelegate.m in Sources */ = {isa = PBXBuildFile; fileRef = AE691A0A193FB24D00E26083 /* VNAppDelegate.m */; };
		AE691A0E193FB24D00E26083 /* Main.storyboard in Resources */ = {isa = PBXBuildFile; fileRef = AE691A0C193FB24D00E26083 /* Main.storyboard */; };
		AE691A11193FB24D00E26083 /* VNViewController.m in Sources */ = {isa = PBXBuildFile; fileRef = AE691A10193FB24D00E26083 /* VNViewController.m */; };
		AE691A13193FB24D00E26083 /* Images.xcassets in Resources */ = {isa = PBXBuildFile; fileRef = AE691A12193FB24D00E26083 /* Images.xcassets */; };
		AE691A1A193FB24D00E26083 /* XCTest.framework in Frameworks */ = {isa = PBXBuildFile; fileRef = AE691A19193FB24D00E26083 /* XCTest.framework */; };
		AE691A1B193FB24D00E26083 /* Foundation.framework in Frameworks */ = {isa = PBXBuildFile; fileRef = AE6919FA193FB24D00E26083 /* Foundation.framework */; };
		AE691A1C193FB24D00E26083 /* UIKit.framework in Frameworks */ = {isa = PBXBuildFile; fileRef = AE6919FE193FB24D00E26083 /* UIKit.framework */; };
		AE691A24193FB24D00E26083 /* InfoPlist.strings in Resources */ = {isa = PBXBuildFile; fileRef = AE691A22193FB24D00E26083 /* InfoPlist.strings */; };
		AE691A26193FB24D00E26083 /* Pirate_AdventureTests.m in Sources */ = {isa = PBXBuildFile; fileRef = AE691A25193FB24D00E26083 /* Pirate_AdventureTests.m */; };
/* End PBXBuildFile section */

/* Begin PBXContainerItemProxy section */
		AE691A1D193FB24D00E26083 /* PBXContainerItemProxy */ = {
			isa = PBXContainerItemProxy;
			containerPortal = AE6919EF193FB24D00E26083 /* Project object */;
			proxyType = 1;
			remoteGlobalIDString = AE6919F6193FB24D00E26083;
			remoteInfo = "Pirate Adventure";
		};
/* End PBXContainerItemProxy section */

/* Begin PBXFileReference section */
		AE6919F7193FB24D00E26083 /* Pirate Adventure.app */ = {isa = PBXFileReference; explicitFileType = wrapper.application; includeInIndex = 0; path = "Pirate Adventure.app"; sourceTree = BUILT_PRODUCTS_DIR; };
		AE6919FA193FB24D00E26083 /* Foundation.framework */ = {isa = PBXFileReference; lastKnownFileType = wrapper.framework; name = Foundation.framework; path = System/Library/Frameworks/Foundation.framework; sourceTree = SDKROOT; };
		AE6919FC193FB24D00E26083 /* CoreGraphics.framework */ = {isa = PBXFileReference; lastKnownFileType = wrapper.framework; name = CoreGraphics.framework; path = System/Library/Frameworks/CoreGraphics.framework; sourceTree = SDKROOT; };
		AE6919FE193FB24D00E26083 /* UIKit.framework */ = {isa = PBXFileReference; lastKnownFileType = wrapper.framework; name = UIKit.framework; path = System/Library/Frameworks/UIKit.framework; sourceTree = SDKROOT; };
		AE691A02193FB24D00E26083 /* Pirate Adventure-Info.plist */ = {isa = PBXFileReference; lastKnownFileType = text.plist.xml; path = "Pirate Adventure-Info.plist"; sourceTree = "<group>"; };
		AE691A04193FB24D00E26083 /* en */ = {isa = PBXFileReference; lastKnownFileType = text.plist.strings; name = en; path = en.lproj/InfoPlist.strings; sourceTree = "<group>"; };
		AE691A06193FB24D00E26083 /* main.m */ = {isa = PBXFileReference; lastKnownFileType = sourcecode.c.objc; path = main.m; sourceTree = "<group>"; };
		AE691A08193FB24D00E26083 /* Pirate Adventure-Prefix.pch */ = {isa = PBXFileReference; lastKnownFileType = sourcecode.c.h; path = "Pirate Adventure-Prefix.pch"; sourceTree = "<group>"; };
		AE691A09193FB24D00E26083 /* VNAppDelegate.h */ = {isa = PBXFileReference; lastKnownFileType = sourcecode.c.h; path = VNAppDelegate.h; sourceTree = "<group>"; };
		AE691A0A193FB24D00E26083 /* VNAppDelegate.m */ = {isa = PBXFileReference; lastKnownFileType = sourcecode.c.objc; path = VNAppDelegate.m; sourceTree = "<group>"; };
		AE691A0D193FB24D00E26083 /* Base */ = {isa = PBXFileReference; lastKnownFileType = file.storyboard; name = Base; path = Base.lproj/Main.storyboard; sourceTree = "<group>"; };
		AE691A0F193FB24D00E26083 /* VNViewController.h */ = {isa = PBXFileReference; lastKnownFileType = sourcecode.c.h; path = VNViewController.h; sourceTree = "<group>"; };
		AE691A10193FB24D00E26083 /* VNViewController.m */ = {isa = PBXFileReference; lastKnownFileType = sourcecode.c.objc; path = VNViewController.m; sourceTree = "<group>"; };
		AE691A12193FB24D00E26083 /* Images.xcassets */ = {isa = PBXFileReference; lastKnownFileType = folder.assetcatalog; path = Images.xcassets; sourceTree = "<group>"; };
		AE691A18193FB24D00E26083 /* Pirate AdventureTests.xctest */ = {isa = PBXFileReference; explicitFileType = wrapper.cfbundle; includeInIndex = 0; path = "Pirate AdventureTests.xctest"; sourceTree = BUILT_PRODUCTS_DIR; };
		AE691A19193FB24D00E26083 /* XCTest.framework */ = {isa = PBXFileReference; lastKnownFileType = wrapper.framework; name = XCTest.framework; path = Library/Frameworks/XCTest.framework; sourceTree = DEVELOPER_DIR; };
		AE691A21193FB24D00E26083 /* Pirate AdventureTests-Info.plist */ = {isa = PBXFileReference; lastKnownFileType = text.plist.xml; path = "Pirate AdventureTests-Info.plist"; sourceTree = "<group>"; };
		AE691A23193FB24D00E26083 /* en */ = {isa = PBXFileReference; lastKnownFileType = text.plist.strings; name = en; path = en.lproj/InfoPlist.strings; sourceTree = "<group>"; };
		AE691A25193FB24D00E26083 /* Pirate_AdventureTests.m */ = {isa = PBXFileReference; lastKnownFileType = sourcecode.c.objc; path = Pirate_AdventureTests.m; sourceTree = "<group>"; };
/* End PBXFileReference section */

/* Begin PBXFrameworksBuildPhase section */
		AE6919F4193FB24D00E26083 /* Frameworks */ = {
			isa = PBXFrameworksBuildPhase;
			buildActionMask = 2147483647;
			files = (
				AE6919FD193FB24D00E26083 /* CoreGraphics.framework in Frameworks */,
				AE6919FF193FB24D00E26083 /* UIKit.framework in Frameworks */,
				AE6919FB193FB24D00E26083 /* Foundation.framework in Frameworks */,
			);
			runOnlyForDeploymentPostprocessing = 0;
		};
		AE691A15193FB24D00E26083 /* Frameworks */ = {
			isa = PBXFrameworksBuildPhase;
			buildActionMask = 2147483647;
			files = (
				AE691A1A193FB24D00E26083 /* XCTest.framework in Frameworks */,
				AE691A1C193FB24D00E26083 /* UIKit.framework in Frameworks */,
				AE691A1B193FB24D00E26083 /* Foundation.framework in Frameworks */,
			);
			runOnlyForDeploymentPostprocessing = 0;
		};
/* End PBXFrameworksBuildPhase section */

/* Begin PBXGroup section */
		AE6919EE193FB24D00E26083 = {
			isa = PBXGroup;
			children = (
				AE691A00193FB24D00E26083 /* Pirate Adventure */,
				AE691A1F193FB24D00E26083 /* Pirate AdventureTests */,
				AE6919F9193FB24D00E26083 /* Frameworks */,
				AE6919F8193FB24D00E26083 /* Products */,
			);
			sourceTree = "<group>";
		};
		AE6919F8193FB24D00E26083 /* Products */ = {
			isa = PBXGroup;
			children = (
				AE6919F7193FB24D00E26083 /* Pirate Adventure.app */,
				AE691A18193FB24D00E26083 /* Pirate AdventureTests.xctest */,
			);
			name = Products;
			sourceTree = "<group>";
		};
		AE6919F9193FB24D00E26083 /* Frameworks */ = {
			isa = PBXGroup;
			children = (
				AE6919FA193FB24D00E26083 /* Foundation.framework */,
				AE6919FC193FB24D00E26083 /* CoreGraphics.framework */,
				AE6919FE193FB24D00E26083 /* UIKit.framework */,
				AE691A19193FB24D00E26083 /* XCTest.framework */,
			);
			name = Frameworks;
			sourceTree = "<group>";
		};
		AE691A00193FB24D00E26083 /* Pirate Adventure */ = {
			isa = PBXGroup;
			children = (
				AE691A09193FB24D00E26083 /* VNAppDelegate.h */,
				AE691A0A193FB24D00E26083 /* VNAppDelegate.m */,
				AE691A0C193FB24D00E26083 /* Main.storyboard */,
				AE691A0F193FB24D00E26083 /* VNViewController.h */,
				AE691A10193FB24D00E26083 /* VNViewController.m */,
				AE691A12193FB24D00E26083 /* Images.xcassets */,
				AE691A01193FB24D00E26083 /* Supporting Files */,
			);
			path = "Pirate Adventure";
			sourceTree = "<group>";
		};
		AE691A01193FB24D00E26083 /* Supporting Files */ = {
			isa = PBXGroup;
			children = (
				AE691A02193FB24D00E26083 /* Pirate Adventure-Info.plist */,
				AE691A03193FB24D00E26083 /* InfoPlist.strings */,
				AE691A06193FB24D00E26083 /* main.m */,
				AE691A08193FB24D00E26083 /* Pirate Adventure-Prefix.pch */,
			);
			name = "Supporting Files";
			sourceTree = "<group>";
		};
		AE691A1F193FB24D00E26083 /* Pirate AdventureTests */ = {
			isa = PBXGroup;
			children = (
				AE691A25193FB24D00E26083 /* Pirate_AdventureTests.m */,
				AE691A20193FB24D00E26083 /* Supporting Files */,
			);
			path = "Pirate AdventureTests";
			sourceTree = "<group>";
		};
		AE691A20193FB24D00E26083 /* Supporting Files */ = {
			isa = PBXGroup;
			children = (
				AE691A21193FB24D00E26083 /* Pirate AdventureTests-Info.plist */,
				AE691A22193FB24D00E26083 /* InfoPlist.strings */,
			);
			name = "Supporting Files";
			sourceTree = "<group>";
		};
/* End PBXGroup section */

/* Begin PBXNativeTarget section */
		AE6919F6193FB24D00E26083 /* Pirate Adventure */ = {
			isa = PBXNativeTarget;
			buildConfigurationList = AE691A29193FB24D00E26083 /* Build configuration list for PBXNativeTarget "Pirate Adventure" */;
			buildPhases = (
				AE6919F3193FB24D00E26083 /* Sources */,
				AE6919F4193FB24D00E26083 /* Frameworks */,
				AE6919F5193FB24D00E26083 /* Resources */,
			);
			buildRules = (
			);
			dependencies = (
			);
			name = "Pirate Adventure";
			productName = "Pirate Adventure";
			productReference = AE6919F7193FB24D00E26083 /* Pirate Adventure.app */;
			productType = "com.apple.product-type.application";
		};
		AE691A17193FB24D00E26083 /* Pirate AdventureTests */ = {
			isa = PBXNativeTarget;
			buildConfigurationList = AE691A2C193FB24D00E26083 /* Build configuration list for PBXNativeTarget "Pirate AdventureTests" */;
			buildPhases = (
				AE691A14193FB24D00E26083 /* Sources */,
				AE691A15193FB24D00E26083 /* Frameworks */,
				AE691A16193FB24D00E26083 /* Resources */,
			);
			buildRules = (
			);
			dependencies = (
				AE691A1E193FB24D00E26083 /* PBXTargetDependency */,
			);
			name = "Pirate AdventureTests";
			productName = "Pirate AdventureTests";
			productReference = AE691A18193FB24D00E26083 /* Pirate AdventureTests.xctest */;
			productType = "com.apple.product-type.bundle.unit-test";
		};
/* End PBXNativeTarget section */

/* Begin PBXProject section */
		AE6919EF193FB24D00E26083 /* Project object */ = {
			isa = PBXProject;
			attributes = {
				CLASSPREFIX = VN;
				LastUpgradeCheck = 0510;
				TargetAttributes = {
					AE691A17193FB24D00E26083 = {
						TestTargetID = AE6919F6193FB24D00E26083;
					};
				};
			};
			buildConfigurationList = AE6919F2193FB24D00E26083 /* Build configuration list for PBXProject "Pirate Adventure" */;
			compatibilityVersion = "Xcode 3.2";
			developmentRegion = English;
			hasScannedForEncodings = 0;
			knownRegions = (
				en,
				Base,
			);
			mainGroup = AE6919EE193FB24D00E26083;
			productRefGroup = AE6919F8193FB24D00E26083 /* Products */;
			projectDirPath = "";
			projectRoot = "";
			targets = (
				AE6919F6193FB24D00E26083 /* Pirate Adventure */,
				AE691A17193FB24D00E26083 /* Pirate AdventureTests */,
			);
		};
/* End PBXProject section */

/* Begin PBXResourcesBuildPhase section */
		AE6919F5193FB24D00E26083 /* Resources */ = {
			isa = PBXResourcesBuildPhase;
			buildActionMask = 2147483647;
			files = (
				AE691A13193FB24D00E26083 /* Images.xcassets in Resources */,
				AE691A05193FB24D00E26083 /* InfoPlist.strings in Resources */,
				AE691A0E193FB24D00E26083 /* Main.storyboard in Resources */,
			);
			runOnlyForDeploymentPostprocessing = 0;
		};
		AE691A16193FB24D00E26083 /* Resources */ = {
			isa = PBXResourcesBuildPhase;
			buildActionMask = 2147483647;
			files = (
				AE691A24193FB24D00E26083 /* InfoPlist.strings in Resources */,
			);
			runOnlyForDeploymentPostprocessing = 0;
		};
/* End PBXResourcesBuildPhase section */

/* Begin PBXSourcesBuildPhase section */
		AE6919F3193FB24D00E26083 /* Sources */ = {
			isa = PBXSourcesBuildPhase;
			buildActionMask = 2147483647;
			files = (
				AE691A0B193FB24D00E26083 /* VNAppDelegate.m in Sources */,
				AE691A11193FB24D00E26083 /* VNViewController.m in Sources */,
				AE691A07193FB24D00E26083 /* main.m in Sources */,
			);
			runOnlyForDeploymentPostprocessing = 0;
		};
		AE691A14193FB24D00E26083 /* Sources */ = {
			isa = PBXSourcesBuildPhase;
			buildActionMask = 2147483647;
			files = (
				AE691A26193FB24D00E26083 /* Pirate_AdventureTests.m in Sources */,
			);
			runOnlyForDeploymentPostprocessing = 0;
		};
/* End PBXSourcesBuildPhase section */

/* Begin PBXTargetDependency section */
		AE691A1E193FB24D00E26083 /* PBXTargetDependency */ = {
			isa = PBXTargetDependency;
			target = AE6919F6193FB24D00E26083 /* Pirate Adventure */;
			targetProxy = AE691A1D193FB24D00E26083 /* PBXContainerItemProxy */;
		};
/* End PBXTargetDependency section */

/* Begin PBXVariantGroup section */
		AE691A03193FB24D00E26083 /* InfoPlist.strings */ = {
			isa = PBXVariantGroup;
			children = (
				AE691A04193FB24D00E26083 /* en */,
			);
			name = InfoPlist.strings;
			sourceTree = "<group>";
		};
		AE691A0C193FB24D00E26083 /* Main.storyboard */ = {
			isa = PBXVariantGroup;
			children = (
				AE691A0D193FB24D00E26083 /* Base */,
			);
			name = Main.storyboard;
			sourceTree = "<group>";
		};
		AE691A22193FB24D00E26083 /* InfoPlist.strings */ = {
			isa = PBXVariantGroup;
			children = (
				AE691A23193FB24D00E26083 /* en */,
			);
			name = InfoPlist.strings;
			sourceTree = "<group>";
		};
/* End PBXVariantGroup section */

/* Begin XCBuildConfiguration section */
		AE691A27193FB24D00E26083 /* Debug */ = {
			isa = XCBuildConfiguration;
			buildSettings = {
				ALWAYS_SEARCH_USER_PATHS = NO;
				CLANG_CXX_LANGUAGE_STANDARD = "gnu++0x";
				CLANG_CXX_LIBRARY = "libc++";
				CLANG_ENABLE_MODULES = YES;
				CLANG_ENABLE_OBJC_ARC = YES;
				CLANG_WARN_BOOL_CONVERSION = YES;
				CLANG_WARN_CONSTANT_CONVERSION = YES;
				CLANG_WARN_DIRECT_OBJC_ISA_USAGE = YES_ERROR;
				CLANG_WARN_EMPTY_BODY = YES;
				CLANG_WARN_ENUM_CONVERSION = YES;
				CLANG_WARN_INT_CONVERSION = YES;
				CLANG_WARN_OBJC_ROOT_CLASS = YES_ERROR;
				CLANG_WARN__DUPLICATE_METHOD_MATCH = YES;
				"CODE_SIGN_IDENTITY[sdk=iphoneos*]" = "iPhone Developer";
				COPY_PHASE_STRIP = NO;
				GCC_C_LANGUAGE_STANDARD = gnu99;
				GCC_DYNAMIC_NO_PIC = NO;
				GCC_OPTIMIZATION_LEVEL = 0;
				GCC_PREPROCESSOR_DEFINITIONS = (
					"DEBUG=1",
					"$(inherited)",
				);
				GCC_SYMBOLS_PRIVATE_EXTERN = NO;
				GCC_WARN_64_TO_32_BIT_CONVERSION = YES;
				GCC_WARN_ABOUT_RETURN_TYPE = YES_ERROR;
				GCC_WARN_UNDECLARED_SELECTOR = YES;
				GCC_WARN_UNINITIALIZED_AUTOS = YES_AGGRESSIVE;
				GCC_WARN_UNUSED_FUNCTION = YES;
				GCC_WARN_UNUSED_VARIABLE = YES;
				IPHONEOS_DEPLOYMENT_TARGET = 7.1;
				ONLY_ACTIVE_ARCH = YES;
				SDKROOT = iphoneos;
			};
			name = Debug;
		};
		AE691A28193FB24D00E26083 /* Release */ = {
			isa = XCBuildConfiguration;
			buildSettings = {
				ALWAYS_SEARCH_USER_PATHS = NO;
				CLANG_CXX_LANGUAGE_STANDARD = "gnu++0x";
				CLANG_CXX_LIBRARY = "libc++";
				CLANG_ENABLE_MODULES = YES;
				CLANG_ENABLE_OBJC_ARC = YES;
				CLANG_WARN_BOOL_CONVERSION = YES;
				CLANG_WARN_CONSTANT_CONVERSION = YES;
				CLANG_WARN_DIRECT_OBJC_ISA_USAGE = YES_ERROR;
				CLANG_WARN_EMPTY_BODY = YES;
				CLANG_WARN_ENUM_CONVERSION = YES;
				CLANG_WARN_INT_CONVERSION = YES;
				CLANG_WARN_OBJC_ROOT_CLASS = YES_ERROR;
				CLANG_WARN__DUPLICATE_METHOD_MATCH = YES;
				"CODE_SIGN_IDENTITY[sdk=iphoneos*]" = "iPhone Developer";
				COPY_PHASE_STRIP = YES;
				ENABLE_NS_ASSERTIONS = NO;
				GCC_C_LANGUAGE_STANDARD = gnu99;
				GCC_WARN_64_TO_32_BIT_CONVERSION = YES;
				GCC_WARN_ABOUT_RETURN_TYPE = YES_ERROR;
				GCC_WARN_UNDECLARED_SELECTOR = YES;
				GCC_WARN_UNINITIALIZED_AUTOS = YES_AGGRESSIVE;
				GCC_WARN_UNUSED_FUNCTION = YES;
				GCC_WARN_UNUSED_VARIABLE = YES;
				IPHONEOS_DEPLOYMENT_TARGET = 7.1;
				SDKROOT = iphoneos;
				VALIDATE_PRODUCT = YES;
			};
			name = Release;
		};
		AE691A2A193FB24D00E26083 /* Debug */ = {
			isa = XCBuildConfiguration;
			buildSettings = {
				ASSETCATALOG_COMPILER_APPICON_NAME = AppIcon;
				ASSETCATALOG_COMPILER_LAUNCHIMAGE_NAME = LaunchImage;
				GCC_PRECOMPILE_PREFIX_HEADER = YES;
				GCC_PREFIX_HEADER = "Pirate Adventure/Pirate Adventure-Prefix.pch";
				INFOPLIST_FILE = "Pirate Adventure/Pirate Adventure-Info.plist";
				PRODUCT_NAME = "$(TARGET_NAME)";
				WRAPPER_EXTENSION = app;
			};
			name = Debug;
		};
		AE691A2B193FB24D00E26083 /* Release */ = {
			isa = XCBuildConfiguration;
			buildSettings = {
				ASSETCATALOG_COMPILER_APPICON_NAME = AppIcon;
				ASSETCATALOG_COMPILER_LAUNCHIMAGE_NAME = LaunchImage;
				GCC_PRECOMPILE_PREFIX_HEADER = YES;
				GCC_PREFIX_HEADER = "Pirate Adventure/Pirate Adventure-Prefix.pch";
				INFOPLIST_FILE = "Pirate Adventure/Pirate Adventure-Info.plist";
				PRODUCT_NAME = "$(TARGET_NAME)";
				WRAPPER_EXTENSION = app;
			};
			name = Release;
		};
		AE691A2D193FB24D00E26083 /* Debug */ = {
			isa = XCBuildConfiguration;
			buildSettings = {
				BUNDLE_LOADER = "$(BUILT_PRODUCTS_DIR)/Pirate Adventure.app/Pirate Adventure";
				FRAMEWORK_SEARCH_PATHS = (
					"$(SDKROOT)/Developer/Library/Frameworks",
					"$(inherited)",
					"$(DEVELOPER_FRAMEWORKS_DIR)",
				);
				GCC_PRECOMPILE_PREFIX_HEADER = YES;
				GCC_PREFIX_HEADER = "Pirate Adventure/Pirate Adventure-Prefix.pch";
				GCC_PREPROCESSOR_DEFINITIONS = (
					"DEBUG=1",
					"$(inherited)",
				);
				INFOPLIST_FILE = "Pirate AdventureTests/Pirate AdventureTests-Info.plist";
				PRODUCT_NAME = "$(TARGET_NAME)";
				TEST_HOST = "$(BUNDLE_LOADER)";
				WRAPPER_EXTENSION = xctest;
			};
			name = Debug;
		};
		AE691A2E193FB24D00E26083 /* Release */ = {
			isa = XCBuildConfiguration;
			buildSettings = {
				BUNDLE_LOADER = "$(BUILT_PRODUCTS_DIR)/Pirate Adventure.app/Pirate Adventure";
				FRAMEWORK_SEARCH_PATHS = (
					"$(SDKROOT)/Developer/Library/Frameworks",
					"$(inherited)",
					"$(DEVELOPER_FRAMEWORKS_DIR)",
				);
				GCC_PRECOMPILE_PREFIX_HEADER = YES;
				GCC_PREFIX_HEADER = "Pirate Adventure/Pirate Adventure-Prefix.pch";
				INFOPLIST_FILE = "Pirate AdventureTests/Pirate AdventureTests-Info.plist";
				PRODUCT_NAME = "$(TARGET_NAME)";
				TEST_HOST = "$(BUNDLE_LOADER)";
				WRAPPER_EXTENSION = xctest;
			};
			name = Release;
		};
/* End XCBuildConfiguration section */

/* Begin XCConfigurationList section */
		AE6919F2193FB24D00E26083 /* Build configuration list for PBXProject "Pirate Adventure" */ = {
			isa = XCConfigurationList;
			buildConfigurations = (
				AE691A27193FB24D00E26083 /* Debug */,
				AE691A28193FB24D00E26083 /* Release */,
			);
			defaultConfigurationIsVisible = 0;
			defaultConfigurationName = Release;
		};
		AE691A29193FB24D00E26083 /* Build configuration list for PBXNativeTarget "Pirate Adventure" */ = {
			isa = XCConfigurationList;
			buildConfigurations = (
				AE691A2A193FB24D00E26083 /* Debug */,
				AE691A2B193FB24D00E26083 /* Release */,
			);
			defaultConfigurationIsVisible = 0;
		};
		AE691A2C193FB24D00E26083 /* Build configuration list for PBXNativeTarget "Pirate AdventureTests" */ = {
			isa = XCConfigurationList;
			buildConfigurations = (
				AE691A2D193FB24D00E26083 /* Debug */,
				AE691A2E193FB24D00E26083 /* Release */,
			);
			defaultConfigurationIsVisible = 0;
		};
/* End XCConfigurationList section */
	};
	rootObject = AE6919EF193FB24D00E26083 /* Project object */;
}
